{
  "nodes": {
    "nixos-hardware": {
      "locked": {
        "lastModified": 1637564544,
        "narHash": "sha256-wwdjkfdQEbFn+Gr1iBiA5DGgl+Q7PASL83Swo/Wqwy0=",
        "owner": "NixOS",
        "repo": "nixos-hardware",
        "rev": "08cda8e3a5a4e685af525e5a589dfeb74267d505",
        "type": "github"
      },
      "original": {
        "owner": "NixOS",
        "ref": "master",
        "repo": "nixos-hardware",
        "type": "github"
      }
    },
    "nixpkgs": {
      "locked": {
        "lastModified": 1637155076,
        "narHash": "sha256-26ZPNiuzlsnXpt55Q44+yzXvp385aNAfevzVEKbrU5Q=",
        "owner": "nixos",
        "repo": "nixpkgs",
        "rev": "715f63411952c86c8f57ab9e3e3cb866a015b5f2",
        "type": "github"
      },
      "original": {
        "owner": "nixos",
        "ref": "nixos-unstable",
        "repo": "nixpkgs",
        "type": "github"
      }
    },
    "root": {
      "inputs": {
        "nixos-hardware": "nixos-hardware",
        "nixpkgs": "nixpkgs"
      }
    }
  },
  "root": "root",
  "version": 7
}
